// !$*UTF8*$!
{
	archiveVersion = 1;
	classes = {
	};
	objectVersion = 46;
	objects = {

/* Begin PBXBuildFile section */
		6092850B1BFD305F00485308 /* AppDelegate.swift in Sources */ = {isa = PBXBuildFile; fileRef = 6092850A1BFD305F00485308 /* AppDelegate.swift */; };
		6092850D1BFD305F00485308 /* ViewController.swift in Sources */ = {isa = PBXBuildFile; fileRef = 6092850C1BFD305F00485308 /* ViewController.swift */; };
		609285101BFD305F00485308 /* Main.storyboard in Resources */ = {isa = PBXBuildFile; fileRef = 6092850E1BFD305F00485308 /* Main.storyboard */; };
		609285121BFD305F00485308 /* Assets.xcassets in Resources */ = {isa = PBXBuildFile; fileRef = 609285111BFD305F00485308 /* Assets.xcassets */; };
		609285151BFD305F00485308 /* LaunchScreen.storyboard in Resources */ = {isa = PBXBuildFile; fileRef = 609285131BFD305F00485308 /* LaunchScreen.storyboard */; };
		609285201BFD306000485308 /* practiceTests.swift in Sources */ = {isa = PBXBuildFile; fileRef = 6092851F1BFD306000485308 /* practiceTests.swift */; };
		6092852B1BFD306000485308 /* practiceUITests.swift in Sources */ = {isa = PBXBuildFile; fileRef = 6092852A1BFD306000485308 /* practiceUITests.swift */; };
		609285391BFD35FB00485308 /* SecondViewController.swift in Sources */ = {isa = PBXBuildFile; fileRef = 609285381BFD35FB00485308 /* SecondViewController.swift */; };
		6092853B1BFD481000485308 /* DSC_0225.JPG in Resources */ = {isa = PBXBuildFile; fileRef = 6092853A1BFD481000485308 /* DSC_0225.JPG */; };
		6092853D1BFD547C00485308 /* DSC_0222.JPG in Resources */ = {isa = PBXBuildFile; fileRef = 6092853C1BFD547C00485308 /* DSC_0222.JPG */; };
/* End PBXBuildFile section */

/* Begin PBXContainerItemProxy section */
		6092851C1BFD306000485308 /* PBXContainerItemProxy */ = {
			isa = PBXContainerItemProxy;
			containerPortal = 609284FF1BFD305F00485308 /* Project object */;
			proxyType = 1;
			remoteGlobalIDString = 609285061BFD305F00485308;
			remoteInfo = practice;
		};
		609285271BFD306000485308 /* PBXContainerItemProxy */ = {
			isa = PBXContainerItemProxy;
			containerPortal = 609284FF1BFD305F00485308 /* Project object */;
			proxyType = 1;
			remoteGlobalIDString = 609285061BFD305F00485308;
			remoteInfo = practice;
		};
/* End PBXContainerItemProxy section */

/* Begin PBXFileReference section */
		609285071BFD305F00485308 /* practice.app */ = {isa = PBXFileReference; explicitFileType = wrapper.application; includeInIndex = 0; path = practice.app; sourceTree = BUILT_PRODUCTS_DIR; };
		6092850A1BFD305F00485308 /* AppDelegate.swift */ = {isa = PBXFileReference; lastKnownFileType = sourcecode.swift; path = AppDelegate.swift; sourceTree = "<group>"; };
		6092850C1BFD305F00485308 /* ViewController.swift */ = {isa = PBXFileReference; lastKnownFileType = sourcecode.swift; path = ViewController.swift; sourceTree = "<group>"; };
		6092850F1BFD305F00485308 /* Base */ = {isa = PBXFileReference; lastKnownFileType = file.storyboard; name = Base; path = Base.lproj/Main.storyboard; sourceTree = "<group>"; };
		609285111BFD305F00485308 /* Assets.xcassets */ = {isa = PBXFileReference; lastKnownFileType = folder.assetcatalog; path = Assets.xcassets; sourceTree = "<group>"; };
		609285141BFD305F00485308 /* Base */ = {isa = PBXFileReference; lastKnownFileType = file.storyboard; name = Base; path = Base.lproj/LaunchScreen.storyboard; sourceTree = "<group>"; };
		609285161BFD305F00485308 /* Info.plist */ = {isa = PBXFileReference; lastKnownFileType = text.plist.xml; path = Info.plist; sourceTree = "<group>"; };
		6092851B1BFD306000485308 /* practiceTests.xctest */ = {isa = PBXFileReference; explicitFileType = wrapper.cfbundle; includeInIndex = 0; path = practiceTests.xctest; sourceTree = BUILT_PRODUCTS_DIR; };
		6092851F1BFD306000485308 /* practiceTests.swift */ = {isa = PBXFileReference; lastKnownFileType = sourcecode.swift; path = practiceTests.swift; sourceTree = "<group>"; };
		609285211BFD306000485308 /* Info.plist */ = {isa = PBXFileReference; lastKnownFileType = text.plist.xml; path = Info.plist; sourceTree = "<group>"; };
		609285261BFD306000485308 /* practiceUITests.xctest */ = {isa = PBXFileReference; explicitFileType = wrapper.cfbundle; includeInIndex = 0; path = practiceUITests.xctest; sourceTree = BUILT_PRODUCTS_DIR; };
		6092852A1BFD306000485308 /* practiceUITests.swift */ = {isa = PBXFileReference; lastKnownFileType = sourcecode.swift; path = practiceUITests.swift; sourceTree = "<group>"; };
		6092852C1BFD306000485308 /* Info.plist */ = {isa = PBXFileReference; lastKnownFileType = text.plist.xml; path = Info.plist; sourceTree = "<group>"; };
		609285381BFD35FB00485308 /* SecondViewController.swift */ = {isa = PBXFileReference; fileEncoding = 4; lastKnownFileType = sourcecode.swift; path = SecondViewController.swift; sourceTree = "<group>"; };
		6092853A1BFD481000485308 /* DSC_0225.JPG */ = {isa = PBXFileReference; lastKnownFileType = image.jpeg; name = DSC_0225.JPG; path = "../../ieネタ/DSC_0225.JPG"; sourceTree = "<group>"; };
		6092853C1BFD547C00485308 /* DSC_0222.JPG */ = {isa = PBXFileReference; lastKnownFileType = image.jpeg; name = DSC_0222.JPG; path = "../../ieネタ/DSC_0222.JPG"; sourceTree = "<group>"; };
/* End PBXFileReference section */

/* Begin PBXFrameworksBuildPhase section */
		609285041BFD305F00485308 /* Frameworks */ = {
			isa = PBXFrameworksBuildPhase;
			buildActionMask = 2147483647;
			files = (
			);
			runOnlyForDeploymentPostprocessing = 0;
		};
		609285181BFD306000485308 /* Frameworks */ = {
			isa = PBXFrameworksBuildPhase;
			buildActionMask = 2147483647;
			files = (
			);
			runOnlyForDeploymentPostprocessing = 0;
		};
		609285231BFD306000485308 /* Frameworks */ = {
			isa = PBXFrameworksBuildPhase;
			buildActionMask = 2147483647;
			files = (
			);
			runOnlyForDeploymentPostprocessing = 0;
		};
/* End PBXFrameworksBuildPhase section */

/* Begin PBXGroup section */
		609284FE1BFD305F00485308 = {
			isa = PBXGroup;
			children = (
				609285091BFD305F00485308 /* practice */,
				6092851E1BFD306000485308 /* practiceTests */,
				609285291BFD306000485308 /* practiceUITests */,
				609285081BFD305F00485308 /* Products */,
			);
			sourceTree = "<group>";
		};
		609285081BFD305F00485308 /* Products */ = {
			isa = PBXGroup;
			children = (
				609285071BFD305F00485308 /* practice.app */,
				6092851B1BFD306000485308 /* practiceTests.xctest */,
				609285261BFD306000485308 /* practiceUITests.xctest */,
			);
			name = Products;
			sourceTree = "<group>";
		};
		609285091BFD305F00485308 /* practice */ = {
			isa = PBXGroup;
			children = (
				6092850A1BFD305F00485308 /* AppDelegate.swift */,
				6092850C1BFD305F00485308 /* ViewController.swift */,
				609285381BFD35FB00485308 /* SecondViewController.swift */,
				6092850E1BFD305F00485308 /* Main.storyboard */,
				6092853C1BFD547C00485308 /* DSC_0222.JPG */,
				6092853A1BFD481000485308 /* DSC_0225.JPG */,
				609285111BFD305F00485308 /* Assets.xcassets */,
				609285131BFD305F00485308 /* LaunchScreen.storyboard */,
				609285161BFD305F00485308 /* Info.plist */,
			);
			path = practice;
			sourceTree = "<group>";
		};
		6092851E1BFD306000485308 /* practiceTests */ = {
			isa = PBXGroup;
			children = (
				6092851F1BFD306000485308 /* practiceTests.swift */,
				609285211BFD306000485308 /* Info.plist */,
			);
			path = practiceTests;
			sourceTree = "<group>";
		};
		609285291BFD306000485308 /* practiceUITests */ = {
			isa = PBXGroup;
			children = (
				6092852A1BFD306000485308 /* practiceUITests.swift */,
				6092852C1BFD306000485308 /* Info.plist */,
			);
			path = practiceUITests;
			sourceTree = "<group>";
		};
/* End PBXGroup section */

/* Begin PBXNativeTarget section */
		609285061BFD305F00485308 /* practice */ = {
			isa = PBXNativeTarget;
			buildConfigurationList = 6092852F1BFD306000485308 /* Build configuration list for PBXNativeTarget "practice" */;
			buildPhases = (
				609285031BFD305F00485308 /* Sources */,
				609285041BFD305F00485308 /* Frameworks */,
				609285051BFD305F00485308 /* Resources */,
			);
			buildRules = (
			);
			dependencies = (
			);
			name = practice;
			productName = practice;
			productReference = 609285071BFD305F00485308 /* practice.app */;
			productType = "com.apple.product-type.application";
		};
		6092851A1BFD306000485308 /* practiceTests */ = {
			isa = PBXNativeTarget;
			buildConfigurationList = 609285321BFD306000485308 /* Build configuration list for PBXNativeTarget "practiceTests" */;
			buildPhases = (
				609285171BFD306000485308 /* Sources */,
				609285181BFD306000485308 /* Frameworks */,
				609285191BFD306000485308 /* Resources */,
			);
			buildRules = (
			);
			dependencies = (
				6092851D1BFD306000485308 /* PBXTargetDependency */,
			);
			name = practiceTests;
			productName = practiceTests;
			productReference = 6092851B1BFD306000485308 /* practiceTests.xctest */;
			productType = "com.apple.product-type.bundle.unit-test";
		};
		609285251BFD306000485308 /* practiceUITests */ = {
			isa = PBXNativeTarget;
			buildConfigurationList = 609285351BFD306000485308 /* Build configuration list for PBXNativeTarget "practiceUITests" */;
			buildPhases = (
				609285221BFD306000485308 /* Sources */,
				609285231BFD306000485308 /* Frameworks */,
				609285241BFD306000485308 /* Resources */,
			);
			buildRules = (
			);
			dependencies = (
				609285281BFD306000485308 /* PBXTargetDependency */,
			);
			name = practiceUITests;
			productName = practiceUITests;
			productReference = 609285261BFD306000485308 /* practiceUITests.xctest */;
			productType = "com.apple.product-type.bundle.ui-testing";
		};
/* End PBXNativeTarget section */

/* Begin PBXProject section */
		609284FF1BFD305F00485308 /* Project object */ = {
			isa = PBXProject;
			attributes = {
				LastSwiftUpdateCheck = 0710;
				LastUpgradeCheck = 0710;
				ORGANIZATIONNAME = "桃原　優";
				TargetAttributes = {
					609285061BFD305F00485308 = {
						CreatedOnToolsVersion = 7.1.1;
					};
					6092851A1BFD306000485308 = {
						CreatedOnToolsVersion = 7.1.1;
						TestTargetID = 609285061BFD305F00485308;
					};
					609285251BFD306000485308 = {
						CreatedOnToolsVersion = 7.1.1;
						TestTargetID = 609285061BFD305F00485308;
					};
				};
			};
			buildConfigurationList = 609285021BFD305F00485308 /* Build configuration list for PBXProject "practice" */;
			compatibilityVersion = "Xcode 3.2";
			developmentRegion = English;
			hasScannedForEncodings = 0;
			knownRegions = (
				en,
				Base,
			);
			mainGroup = 609284FE1BFD305F00485308;
			productRefGroup = 609285081BFD305F00485308 /* Products */;
			projectDirPath = "";
			projectRoot = "";
			targets = (
				609285061BFD305F00485308 /* practice */,
				6092851A1BFD306000485308 /* practiceTests */,
				609285251BFD306000485308 /* practiceUITests */,
			);
		};
/* End PBXProject section */

/* Begin PBXResourcesBuildPhase section */
		609285051BFD305F00485308 /* Resources */ = {
			isa = PBXResourcesBuildPhase;
			buildActionMask = 2147483647;
			files = (
				609285151BFD305F00485308 /* LaunchScreen.storyboard in Resources */,
				6092853B1BFD481000485308 /* DSC_0225.JPG in Resources */,
				609285121BFD305F00485308 /* Assets.xcassets in Resources */,
				609285101BFD305F00485308 /* Main.storyboard in Resources */,
				6092853D1BFD547C00485308 /* DSC_0222.JPG in Resources */,
			);
			runOnlyForDeploymentPostprocessing = 0;
		};
		609285191BFD306000485308 /* Resources */ = {
			isa = PBXResourcesBuildPhase;
			buildActionMask = 2147483647;
			files = (
			);
			runOnlyForDeploymentPostprocessing = 0;
		};
		609285241BFD306000485308 /* Resources */ = {
			isa = PBXResourcesBuildPhase;
			buildActionMask = 2147483647;
			files = (
			);
			runOnlyForDeploymentPostprocessing = 0;
		};
/* End PBXResourcesBuildPhase section */

/* Begin PBXSourcesBuildPhase section */
		609285031BFD305F00485308 /* Sources */ = {
			isa = PBXSourcesBuildPhase;
			buildActionMask = 2147483647;
			files = (
				609285391BFD35FB00485308 /* SecondViewController.swift in Sources */,
				6092850D1BFD305F00485308 /* ViewController.swift in Sources */,
				6092850B1BFD305F00485308 /* AppDelegate.swift in Sources */,
			);
			runOnlyForDeploymentPostprocessing = 0;
		};
		609285171BFD306000485308 /* Sources */ = {
			isa = PBXSourcesBuildPhase;
			buildActionMask = 2147483647;
			files = (
				609285201BFD306000485308 /* practiceTests.swift in Sources */,
			);
			runOnlyForDeploymentPostprocessing = 0;
		};
		609285221BFD306000485308 /* Sources */ = {
			isa = PBXSourcesBuildPhase;
			buildActionMask = 2147483647;
			files = (
				6092852B1BFD306000485308 /* practiceUITests.swift in Sources */,
			);
			runOnlyForDeploymentPostprocessing = 0;
		};
/* End PBXSourcesBuildPhase section */

/* Begin PBXTargetDependency section */
		6092851D1BFD306000485308 /* PBXTargetDependency */ = {
			isa = PBXTargetDependency;
			target = 609285061BFD305F00485308 /* practice */;
			targetProxy = 6092851C1BFD306000485308 /* PBXContainerItemProxy */;
		};
		609285281BFD306000485308 /* PBXTargetDependency */ = {
			isa = PBXTargetDependency;
			target = 609285061BFD305F00485308 /* practice */;
			targetProxy = 609285271BFD306000485308 /* PBXContainerItemProxy */;
		};
/* End PBXTargetDependency section */

/* Begin PBXVariantGroup section */
		6092850E1BFD305F00485308 /* Main.storyboard */ = {
			isa = PBXVariantGroup;
			children = (
				6092850F1BFD305F00485308 /* Base */,
			);
			name = Main.storyboard;
			sourceTree = "<group>";
		};
		609285131BFD305F00485308 /* LaunchScreen.storyboard */ = {
			isa = PBXVariantGroup;
			children = (
				609285141BFD305F00485308 /* Base */,
			);
			name = LaunchScreen.storyboard;
			sourceTree = "<group>";
		};
/* End PBXVariantGroup section */

/* Begin XCBuildConfiguration section */
		6092852D1BFD306000485308 /* Debug */ = {
			isa = XCBuildConfiguration;
			buildSettings = {
				ALWAYS_SEARCH_USER_PATHS = NO;
				CLANG_CXX_LANGUAGE_STANDARD = "gnu++0x";
				CLANG_CXX_LIBRARY = "libc++";
				CLANG_ENABLE_MODULES = YES;
				CLANG_ENABLE_OBJC_ARC = YES;
				CLANG_WARN_BOOL_CONVERSION = YES;
				CLANG_WARN_CONSTANT_CONVERSION = YES;
				CLANG_WARN_DIRECT_OBJC_ISA_USAGE = YES_ERROR;
				CLANG_WARN_EMPTY_BODY = YES;
				CLANG_WARN_ENUM_CONVERSION = YES;
				CLANG_WARN_INT_CONVERSION = YES;
				CLANG_WARN_OBJC_ROOT_CLASS = YES_ERROR;
				CLANG_WARN_UNREACHABLE_CODE = YES;
				CLANG_WARN__DUPLICATE_METHOD_MATCH = YES;
				"CODE_SIGN_IDENTITY[sdk=iphoneos*]" = "iPhone Developer";
				COPY_PHASE_STRIP = NO;
				DEBUG_INFORMATION_FORMAT = dwarf;
				ENABLE_STRICT_OBJC_MSGSEND = YES;
				ENABLE_TESTABILITY = YES;
				GCC_C_LANGUAGE_STANDARD = gnu99;
				GCC_DYNAMIC_NO_PIC = NO;
				GCC_NO_COMMON_BLOCKS = YES;
				GCC_OPTIMIZATION_LEVEL = 0;
				GCC_PREPROCESSOR_DEFINITIONS = (
					"DEBUG=1",
					"$(inherited)",
				);
				GCC_WARN_64_TO_32_BIT_CONVERSION = YES;
				GCC_WARN_ABOUT_RETURN_TYPE = YES_ERROR;
				GCC_WARN_UNDECLARED_SELECTOR = YES;
				GCC_WARN_UNINITIALIZED_AUTOS = YES_AGGRESSIVE;
				GCC_WARN_UNUSED_FUNCTION = YES;
				GCC_WARN_UNUSED_VARIABLE = YES;
				IPHONEOS_DEPLOYMENT_TARGET = 9.1;
				MTL_ENABLE_DEBUG_INFO = YES;
				ONLY_ACTIVE_ARCH = YES;
				SDKROOT = iphoneos;
				SWIFT_OPTIMIZATION_LEVEL = "-Onone";
			};
			name = Debug;
		};
		6092852E1BFD306000485308 /* Release */ = {
			isa = XCBuildConfiguration;
			buildSettings = {
				ALWAYS_SEARCH_USER_PATHS = NO;
				CLANG_CXX_LANGUAGE_STANDARD = "gnu++0x";
				CLANG_CXX_LIBRARY = "libc++";
				CLANG_ENABLE_MODULES = YES;
				CLANG_ENABLE_OBJC_ARC = YES;
				CLANG_WARN_BOOL_CONVERSION = YES;
				CLANG_WARN_CONSTANT_CONVERSION = YES;
				CLANG_WARN_DIRECT_OBJC_ISA_USAGE = YES_ERROR;
				CLANG_WARN_EMPTY_BODY = YES;
				CLANG_WARN_ENUM_CONVERSION = YES;
				CLANG_WARN_INT_CONVERSION = YES;
				CLANG_WARN_OBJC_ROOT_CLASS = YES_ERROR;
				CLANG_WARN_UNREACHABLE_CODE = YES;
				CLANG_WARN__DUPLICATE_METHOD_MATCH = YES;
				"CODE_SIGN_IDENTITY[sdk=iphoneos*]" = "iPhone Developer";
				COPY_PHASE_STRIP = NO;
				DEBUG_INFORMATION_FORMAT = "dwarf-with-dsym";
				ENABLE_NS_ASSERTIONS = NO;
				ENABLE_STRICT_OBJC_MSGSEND = YES;
				GCC_C_LANGUAGE_STANDARD = gnu99;
				GCC_NO_COMMON_BLOCKS = YES;
				GCC_WARN_64_TO_32_BIT_CONVERSION = YES;
				GCC_WARN_ABOUT_RETURN_TYPE = YES_ERROR;
				GCC_WARN_UNDECLARED_SELECTOR = YES;
				GCC_WARN_UNINITIALIZED_AUTOS = YES_AGGRESSIVE;
				GCC_WARN_UNUSED_FUNCTION = YES;
				GCC_WARN_UNUSED_VARIABLE = YES;
				IPHONEOS_DEPLOYMENT_TARGET = 9.1;
				MTL_ENABLE_DEBUG_INFO = NO;
				SDKROOT = iphoneos;
				VALIDATE_PRODUCT = YES;
			};
			name = Release;
		};
		609285301BFD306000485308 /* Debug */ = {
			isa = XCBuildConfiguration;
			buildSettings = {
				ASSETCATALOG_COMPILER_APPICON_NAME = AppIcon;
				INFOPLIST_FILE = practice/Info.plist;
				LD_RUNPATH_SEARCH_PATHS = "$(inherited) @executable_path/Frameworks";
				PRODUCT_BUNDLE_IDENTIFIER = practice.practice;
				PRODUCT_NAME = "$(TARGET_NAME)";
			};
			name = Debug;
		};
		609285311BFD306000485308 /* Release */ = {
			isa = XCBuildConfiguration;
			buildSettings = {
				ASSETCATALOG_COMPILER_APPICON_NAME = AppIcon;
				INFOPLIST_FILE = practice/Info.plist;
				LD_RUNPATH_SEARCH_PATHS = "$(inherited) @executable_path/Frameworks";
				PRODUCT_BUNDLE_IDENTIFIER = practice.practice;
				PRODUCT_NAME = "$(TARGET_NAME)";
			};
			name = Release;
		};
		609285331BFD306000485308 /* Debug */ = {
			isa = XCBuildConfiguration;
			buildSettings = {
				BUNDLE_LOADER = "$(TEST_HOST)";
				INFOPLIST_FILE = practiceTests/Info.plist;
				LD_RUNPATH_SEARCH_PATHS = "$(inherited) @executable_path/Frameworks @loader_path/Frameworks";
				PRODUCT_BUNDLE_IDENTIFIER = practice.practiceTests;
				PRODUCT_NAME = "$(TARGET_NAME)";
				TEST_HOST = "$(BUILT_PRODUCTS_DIR)/practice.app/practice";
			};
			name = Debug;
		};
		609285341BFD306000485308 /* Release */ = {
			isa = XCBuildConfiguration;
			buildSettings = {
				BUNDLE_LOADER = "$(TEST_HOST)";
				INFOPLIST_FILE = practiceTests/Info.plist;
				LD_RUNPATH_SEARCH_PATHS = "$(inherited) @executable_path/Frameworks @loader_path/Frameworks";
				PRODUCT_BUNDLE_IDENTIFIER = practice.practiceTests;
				PRODUCT_NAME = "$(TARGET_NAME)";
				TEST_HOST = "$(BUILT_PRODUCTS_DIR)/practice.app/practice";
			};
			name = Release;
		};
		609285361BFD306000485308 /* Debug */ = {
			isa = XCBuildConfiguration;
			buildSettings = {
				INFOPLIST_FILE = practiceUITests/Info.plist;
				LD_RUNPATH_SEARCH_PATHS = "$(inherited) @executable_path/Frameworks @loader_path/Frameworks";
				PRODUCT_BUNDLE_IDENTIFIER = practice.practiceUITests;
				PRODUCT_NAME = "$(TARGET_NAME)";
				TEST_TARGET_NAME = practice;
				USES_XCTRUNNER = YES;
			};
			name = Debug;
		};
		609285371BFD306000485308 /* Release */ = {
			isa = XCBuildConfiguration;
			buildSettings = {
				INFOPLIST_FILE = practiceUITests/Info.plist;
				LD_RUNPATH_SEARCH_PATHS = "$(inherited) @executable_path/Frameworks @loader_path/Frameworks";
				PRODUCT_BUNDLE_IDENTIFIER = practice.practiceUITests;
				PRODUCT_NAME = "$(TARGET_NAME)";
				TEST_TARGET_NAME = practice;
				USES_XCTRUNNER = YES;
			};
			name = Release;
		};
/* End XCBuildConfiguration section */

/* Begin XCConfigurationList section */
		609285021BFD305F00485308 /* Build configuration list for PBXProject "practice" */ = {
			isa = XCConfigurationList;
			buildConfigurations = (
				6092852D1BFD306000485308 /* Debug */,
				6092852E1BFD306000485308 /* Release */,
			);
			defaultConfigurationIsVisible = 0;
			defaultConfigurationName = Release;
		};
		6092852F1BFD306000485308 /* Build configuration list for PBXNativeTarget "practice" */ = {
			isa = XCConfigurationList;
			buildConfigurations = (
				609285301BFD306000485308 /* Debug */,
				609285311BFD306000485308 /* Release */,
			);
			defaultConfigurationIsVisible = 0;
		};
		609285321BFD306000485308 /* Build configuration list for PBXNativeTarget "practiceTests" */ = {
			isa = XCConfigurationList;
			buildConfigurations = (
				609285331BFD306000485308 /* Debug */,
				609285341BFD306000485308 /* Release */,
			);
			defaultConfigurationIsVisible = 0;
		};
		609285351BFD306000485308 /* Build configuration list for PBXNativeTarget "practiceUITests" */ = {
			isa = XCConfigurationList;
			buildConfigurations = (
				609285361BFD306000485308 /* Debug */,
				609285371BFD306000485308 /* Release */,
			);
			defaultConfigurationIsVisible = 0;
		};
/* End XCConfigurationList section */
	};
	rootObject = 609284FF1BFD305F00485308 /* Project object */;
}
